
Microsoft Visual Studio Solution File, Format Version 12.00
# Visual Studio Version 17
VisualStudioVersion = 17.13.35825.156
MinimumVisualStudioVersion = 10.0.40219.1
Project("{FAE04EC0-301F-11D3-BF4B-00C04F79EFBC}") = "Cadastro", "Cadastro\Cadastro.csproj", "{A245FD3E-9275-4C2D-A2B8-A01486963907}"
EndProject
Project("{FAE04EC0-301F-11D3-BF4B-00C04F79EFBC}") = "Cadastro.Tests", "Cadastro.Tests\Cadastro.Tests.csproj", "{477FA147-29A5-41CF-947E-B7858FA85751}"
EndProject
Global
	GlobalSection(SolutionConfigurationPlatforms) = preSolution
		Debug|Any CPU = Debug|Any CPU
		Release|Any CPU = Release|Any CPU
	EndGlobalSection
	GlobalSection(ProjectConfigurationPlatforms) = postSolution
		{A245FD3E-9275-4C2D-A2B8-A01486963907}.Debug|Any CPU.ActiveCfg = Debug|Any CPU
		{A245FD3E-9275-4C2D-A2B8-A01486963907}.Debug|Any CPU.Build.0 = Debug|Any CPU
		{A245FD3E-9275-4C2D-A2B8-A01486963907}.Release|Any CPU.ActiveCfg = Release|Any CPU
		{A245FD3E-9275-4C2D-A2B8-A01486963907}.Release|Any CPU.Build.0 = Release|Any CPU
		{477FA147-29A5-41CF-947E-B7858FA85751}.Debug|Any CPU.ActiveCfg = Debug|Any CPU
		{477FA147-29A5-41CF-947E-B7858FA85751}.Debug|Any CPU.Build.0 = Debug|Any CPU
		{477FA147-29A5-41CF-947E-B7858FA85751}.Release|Any CPU.ActiveCfg = Release|Any CPU
		{477FA147-29A5-41CF-947E-B7858FA85751}.Release|Any CPU.Build.0 = Release|Any CPU
	EndGlobalSection
	GlobalSection(SolutionProperties) = preSolution
		HideSolutionNode = FALSE
	EndGlobalSection
	GlobalSection(ExtensibilityGlobals) = postSolution
		SolutionGuid = {13E93044-B86A-4B27-A2D1-5D60E4183F1B}
	EndGlobalSection
EndGlobal
